
Microsoft Visual Studio Solution File, Format Version 12.00
# Visual Studio Version 17
VisualStudioVersion = 17.10.35013.160
MinimumVisualStudioVersion = 10.0.40219.1
Project("{9A19103F-16F7-4668-BE54-9A1E7A4F7556}") = "TeamsPlugin", "TeamsPlugin.csproj", "{2F7D8D96-204E-4856-8648-7075A54B9416}"
EndProject
Project("{A9E3F50B-275E-4AF7-ADCE-8BE12D41E305}") = "TeamsApp", "TeamsApp\TeamsApp.ttkproj", "{90594588-B230-4916-9D56-50579EC4A713}"
EndProject
Global
	GlobalSection(SolutionConfigurationPlatforms) = preSolution
		Debug|Any CPU = Debug|Any CPU
		Release|Any CPU = Release|Any CPU
	EndGlobalSection
	GlobalSection(ProjectConfigurationPlatforms) = postSolution
		{2F7D8D96-204E-4856-8648-7075A54B9416}.Debug|Any CPU.ActiveCfg = Debug|Any CPU
		{2F7D8D96-204E-4856-8648-7075A54B9416}.Debug|Any CPU.Build.0 = Debug|Any CPU
		{2F7D8D96-204E-4856-8648-7075A54B9416}.Release|Any CPU.ActiveCfg = Release|Any CPU
		{2F7D8D96-204E-4856-8648-7075A54B9416}.Release|Any CPU.Build.0 = Release|Any CPU
		{90594588-B230-4916-9D56-50579EC4A713}.Debug|Any CPU.ActiveCfg = Debug|Any CPU
		{90594588-B230-4916-9D56-50579EC4A713}.Debug|Any CPU.Build.0 = Debug|Any CPU
		{90594588-B230-4916-9D56-50579EC4A713}.Release|Any CPU.ActiveCfg = Release|Any CPU
		{90594588-B230-4916-9D56-50579EC4A713}.Release|Any CPU.Build.0 = Release|Any CPU
	EndGlobalSection
	GlobalSection(SolutionProperties) = preSolution
		HideSolutionNode = FALSE
	EndGlobalSection
	GlobalSection(ExtensibilityGlobals) = postSolution
		SolutionGuid = {1B1809E3-3864-4BD5-A406-B5E1E2056186}
	EndGlobalSection
EndGlobal
